{
  "version": 4,
  "terraform_version": "1.10.3",
  "serial": 260,
  "lineage": "d04484db-37c5-4d06-e6f8-9df349d776ca",
  "outputs": {
    "cluster_context_client_certificate": {
      "value": "-----BEGIN CERTIFICATE-----\nMIIDITCCAgmgAwIBAgIBAjANBgkqhkiG9w0BAQsFADAVMRMwEQYDVQQDEwptaW5p\na3ViZUNBMB4XDTI1MDExMDIwMzMyNloXDTI4MDExMTIwMzMyNlowMTEXMBUGA1UE\nChMOc3lzdGVtOm1hc3RlcnMxFjAUBgNVBAMTDW1pbmlrdWJlLXVzZXIwggEiMA0G\nCSqGSIb3DQEBAQUAA4IBDwAwggEKAoIBAQDu1DDAiClpmVse/m29+WI71qH2k+ZB\n+OSe30vYxsd9LNxdel4Xg2Qq6YZtvsdKBZ7aprbwc3SmLjQjot9ptrrrywyOMHu/\nkH+LQFfaPffMpx1iJxT8Q2BI9IghpJV72VkMdWmav4Yj4U8jwGp83Y7P94/ZQkTl\nBoKbto/2hTgkxVQf72WlJmd6hLddgzMV/HpXQlXYhCtWL/IQC261aX8FljtUK4nE\ngy8L6Xp8mPiSuzXo1LqZ98FpVbEUcw+CCz81L+l3TQCVftiK2yBPbJjg/KQJIqVD\nVHygJ9NPHAiZMjVqhZq3HFwiLaIcMvkI9D+0JcT5mhTxWNqZmlFaE2cBAgMBAAGj\nYDBeMA4GA1UdDwEB/wQEAwIFoDAdBgNVHSUEFjAUBggrBgEFBQcDAQYIKwYBBQUH\nAwIwDAYDVR0TAQH/BAIwADAfBgNVHSMEGDAWgBTVrkOmsfCOSSQA2Eo5eDLGxWaZ\nHDANBgkqhkiG9w0BAQsFAAOCAQEAMABasQYorvhHF+QQ2FFjLYltJ5A70Dphj8sD\nDgrEZULmA8BFNohuZ1Gk8ZSGk8NjDdfoV/XqZ/TGdEIAc/W5wUmMp/Copf/G6C3H\nh3Ql9P8IxqwrcsPqdbXYgc9Dcn7gGquRkfT0xv+9M3laPGXGuJdUUj83TtfjDnJd\nN0aiDcfi1y2BTUzoTQz+oZCoY5wY+XXUWtAqlCCv7SO/W6kb7brHIG2yBZaM+jiF\ntolaqUYBlXKkD6h/nf9wVJRYKBUVnkGY/c9gpIbMb9rlVvNgUoTGyIgJQo6Dn5eb\n2d3UmbG8tdxKs9yEDGSxyioPUXIkmIsSodksD6poqGdqUjXRVw==\n-----END CERTIFICATE-----\n",
      "type": "string",
      "sensitive": true
    },
    "cluster_context_client_key": {
      "value": "-----BEGIN RSA PRIVATE KEY-----\nMIIEpQIBAAKCAQEA7tQwwIgpaZlbHv5tvfliO9ah9pPmQfjknt9L2MbHfSzcXXpe\nF4NkKumGbb7HSgWe2qa28HN0pi40I6Lfaba668sMjjB7v5B/i0BX2j33zKcdYicU\n/ENgSPSIIaSVe9lZDHVpmr+GI+FPI8BqfN2Oz/eP2UJE5QaCm7aP9oU4JMVUH+9l\npSZneoS3XYMzFfx6V0JV2IQrVi/yEAtutWl/BZY7VCuJxIMvC+l6fJj4krs16NS6\nmffBaVWxFHMPggs/NS/pd00AlX7YitsgT2yY4PykCSKlQ1R8oCfTTxwImTI1aoWa\ntxxcIi2iHDL5CPQ/tCXE+ZoU8VjamZpRWhNnAQIDAQABAoIBAQDCxFz1xpUvPxdm\nkUth8CzCa+kts7PF/XpEbgnmwUUSujEEMrTlLAvWSxeMDFdt8GN6IRdzxFRO6cMv\nhLX5+kE55h9ZHgTtVqQNJe3/VyXsyiRWVVTx3Oh61qDl/tjBZaEPXfk/cA2u2SG3\nIEY3il/bDiNLpJWWyNZesmV5P29n28nIzvjniUrYPV+x5FmbQ7SMVx0Suy4qYS8k\nb9WTZpwknBmXps7hma1NPAOZllMr/HNphIgxWO8VnMTQ2deK5RUeVCzFbUWn7ZT/\nXDBKr0f6GTj/N/4xaETTvc2Oob7RY9I5ZCbwc7nNuG/Lt8qgQxSGRkWG9HsxE5+W\nc8NeF9z5AoGBAPRNCIS0KGPd6B1++Hag+u2GdplVvj33IZFh4Ihp5AjoW7YQQSjw\nNRlM+nWqzZP+kTubMVuFJyX56YrBVPc+UMcvGJD41JUsNXzyxxF6+3G0x+zpdW4w\nqCFEyKym/eFsZ1njkV5BZ1PZC4X+KfNQfsF2Kwcw3GYc/AGQEAMsB4ojAoGBAPpE\nEtT+M6ixRjOUgmKP+fRG3jfyYsDT2J5KI/4V0PikZdvDHRwwOF0BXO7a4tS3zXCr\nxOlbLrKRWFimJGftJLyxwRzrXQQqF66qTY6tW85fCjvA4VAM3Z/cm/d5a3bfh0/9\n+xWIyW+gDxFNEHRgSclXSQ6OCT9VMm9cz4eVHmKLAoGAGIJt+1pTvwkxU1w8szId\nWp0l4uZOSssza/GE5EqzXQ1qvg5Naz0GJr6pVgrHyzQ7/93nCsaGEfJLsucIjjGL\nSyB3d3vvX/PqfdmhjShod5TqheM6K87n30aWV3P9fpMwnz0MhYdMRYY9+LhyHv4R\naXlggb0uL3Ry9/krEhZlvz8CgYEA6HWWsHS18zlGpd6KBZcKa1XwTzM7ezTLfqwL\nJpWJF4tMeYaQYYCAuhLsCYkTLNbVYpSKQN9LTt4mm6EnK8lgWE0bvQr5yUZ33Ouf\nQqnQHq60yK/uGPb6XOUDkikcIryZ6TlWobf+s0qO9FkKsa5Gm1gSKgzQlh1CzaH9\nukhOguUCgYEAif3xYWHj6uQAfJmvXh+AMeHTPOlEd4TEZzSdH3NklQIB6uLk3xEL\nHS8gmVDKJnEn0qGT+ts9KC+EFbU8LJIecwdcUtPRic5XR8fvahKfOZkdrhUfyYAh\n2vZ1cezl1+VPrUS/fIYP3RqItjBk73fLc4qBNAKsVlMqCsduHNFLYNw=\n-----END RSA PRIVATE KEY-----\n",
      "type": "string",
      "sensitive": true
    },
    "cluster_context_cluster_ca_certificate": {
      "value": "-----BEGIN CERTIFICATE-----\nMIIDBjCCAe6gAwIBAgIBATANBgkqhkiG9w0BAQsFADAVMRMwEQYDVQQDEwptaW5p\na3ViZUNBMB4XDTI1MDEwODIyMDY0MVoXDTM1MDEwNzIyMDY0MVowFTETMBEGA1UE\nAxMKbWluaWt1YmVDQTCCASIwDQYJKoZIhvcNAQEBBQADggEPADCCAQoCggEBAMOj\nsKQ8WhGP0XsFpgWQvdKqNOCGR1GnvfjBYAbSqFlnAWJ4KwTrWqMKFhymz0zTKYzb\n2Av8ARUGMwgHh6QweX9B4hYbjRIAcRJTarUbXn9B2GGgKoCN4z6Xqc95gQpeQuUQ\n17kzgjbhjZkthdLaPd28jMXhPcgkkFxHfvMlrSKAQycRl3K++4X0IGCGcDbRGTJY\njj9PYMz3hd0ft89t1OI16Qvt9eHpwglbbF+HTTekUYeVhnheYcK+Q/mRqtsf+EyM\nIU9vuV+BPwWFA0buk2G9RmC3y1aZcE9+NmFGH2YO+ZKAVyqUoHyu5+KHZBWY9oX+\nJyU4b4zBovXzoBEqIvECAwEAAaNhMF8wDgYDVR0PAQH/BAQDAgKkMB0GA1UdJQQW\nMBQGCCsGAQUFBwMCBggrBgEFBQcDATAPBgNVHRMBAf8EBTADAQH/MB0GA1UdDgQW\nBBTVrkOmsfCOSSQA2Eo5eDLGxWaZHDANBgkqhkiG9w0BAQsFAAOCAQEALwpt9hNT\nlEgzX2XPe3PASlnahWFHE7oIOECIOWAYqRXlwXTE06saY/3g/h6PyDIP02plspjM\n7GrHEh2UG3gS+y9yYQvZDSKsuTxnPFnYpN9ElrntFHOBL+Cu+eiE/iIzaEtaXTsd\nn4exxUKco5TV8nfzVcbWp9noeVazGUHjKT6ImQR3frNNMGsij8asG6d1ToVA409q\nr8qMoWfTbAK4HIZNEdNfYQoR1d5A8QF9SVxqpovY7Ao/mYFZBPBcp8xEpKOJEBkD\nUVq7DqnZJmw9ya5KZtL6GjeEWrYjhTRM/fincl2KsEj5WEqvJukjJV0M0KK7z74b\nXWRJG0DoPgH0Xg==\n-----END CERTIFICATE-----\n",
      "type": "string",
      "sensitive": true
    },
    "cluster_context_hostname": {
      "value": "https://127.0.0.1:59655",
      "type": "string"
    },
    "cluster_name": {
      "value": "minikube",
      "type": "string"
    }
  },
  "resources": [
    {
      "mode": "managed",
      "type": "kubernetes_config_map",
      "name": "nginx_config",
      "provider": "provider[\"registry.terraform.io/hashicorp/kubernetes\"]",
      "instances": [
        {
          "schema_version": 0,
          "attributes": {
            "binary_data": null,
            "data": {
              "default.conf": "server {\n    listen 80;\n\n    location / {\n        proxy_pass http://jenkins-service:8080;\n        proxy_set_header Host $host;\n        proxy_set_header X-Real-IP $remote_addr;\n        proxy_set_header X-Forwarded-For $proxy_add_x_forwarded_for;\n        proxy_set_header X-Forwarded-Host $host;\n        proxy_set_header X-Forwarded-Port $server_port;\n        proxy_set_header X-Forwarded-Proto $scheme;\n\n        # Rewrite the Location header in Jenkins responses\n        proxy_redirect http://jenkins-service:8080/ /;\n    }\n}\n"
            },
            "id": "default/nginx-config",
            "immutable": false,
            "metadata": [
              {
                "annotations": null,
                "generate_name": "",
                "generation": 0,
                "labels": null,
                "name": "nginx-config",
                "namespace": "default",
                "resource_version": "304",
                "uid": "ece6d0cb-1aed-48cd-aaae-45ab9ae1b622"
              }
            ]
          },
          "sensitive_attributes": [],
          "private": "bnVsbA==",
          "dependencies": [
            "minikube_cluster.docker"
          ]
        }
      ]
    },
    {
      "mode": "managed",
      "type": "kubernetes_deployment",
      "name": "jenkins",
      "provider": "provider[\"registry.terraform.io/hashicorp/kubernetes\"]",
      "instances": [
        {
          "schema_version": 1,
          "attributes": {
            "id": "default/jenkins",
            "metadata": [
              {
                "annotations": null,
                "generate_name": "",
                "generation": 1,
                "labels": {
                  "App": "Jenkins"
                },
                "name": "jenkins",
                "namespace": "default",
                "resource_version": "503",
                "uid": "575f615a-db4e-4816-8267-73a521b1b0fd"
              }
            ],
            "spec": [
              {
                "min_ready_seconds": 0,
                "paused": false,
                "progress_deadline_seconds": 600,
                "replicas": "1",
                "revision_history_limit": 10,
                "selector": [
                  {
                    "match_expressions": [],
                    "match_labels": {
                      "App": "Jenkins"
                    }
                  }
                ],
                "strategy": [
                  {
                    "rolling_update": [
                      {
                        "max_surge": "25%",
                        "max_unavailable": "25%"
                      }
                    ],
                    "type": "RollingUpdate"
                  }
                ],
                "template": [
                  {
                    "metadata": [
                      {
                        "annotations": null,
                        "generate_name": "",
                        "generation": 0,
                        "labels": {
                          "App": "Jenkins"
                        },
                        "name": "",
                        "namespace": "",
                        "resource_version": "",
                        "uid": ""
                      }
                    ],
                    "spec": [
                      {
                        "active_deadline_seconds": 0,
                        "affinity": [],
                        "automount_service_account_token": true,
                        "container": [
                          {
                            "args": null,
                            "command": null,
                            "env": [
                              {
                                "name": "LOCAL_DEVELOPMENT",
                                "value": "true",
                                "value_from": []
                              },
                              {
                                "name": "JENKINS_ADMIN_USER",
                                "value": "admin",
                                "value_from": []
                              },
                              {
                                "name": "JENKINS_ADMIN_PASSWD",
                                "value": "admin",
                                "value_from": []
                              },
                              {
                                "name": "KUBERNETES_CLOUD_NAME",
                                "value": "kubernetes",
                                "value_from": []
                              }
                            ],
                            "env_from": [],
                            "image": "projfk/jenkins:latest",
                            "image_pull_policy": "Always",
                            "lifecycle": [],
                            "liveness_probe": [],
                            "name": "jenkins",
                            "port": [
                              {
                                "container_port": 8080,
                                "host_ip": "",
                                "host_port": 0,
                                "name": "",
                                "protocol": "TCP"
                              },
                              {
                                "container_port": 50000,
                                "host_ip": "",
                                "host_port": 0,
                                "name": "",
                                "protocol": "TCP"
                              }
                            ],
                            "readiness_probe": [],
                            "resources": [
                              {
                                "limits": {
                                  "cpu": "1",
                                  "memory": "1Gi"
                                },
                                "requests": {
                                  "cpu": "500m",
                                  "memory": "512Mi"
                                }
                              }
                            ],
                            "security_context": [],
                            "startup_probe": [],
                            "stdin": false,
                            "stdin_once": false,
                            "termination_message_path": "/dev/termination-log",
                            "termination_message_policy": "File",
                            "tty": false,
                            "volume_device": [],
                            "volume_mount": [
                              {
                                "mount_path": "/var/run/secrets/kubernetes.io/serviceaccount",
                                "mount_propagation": "None",
                                "name": "jenkins-sa-token",
                                "read_only": true,
                                "sub_path": ""
                              }
                            ],
                            "working_dir": ""
                          }
                        ],
                        "dns_config": [],
                        "dns_policy": "ClusterFirst",
                        "enable_service_links": true,
                        "host_aliases": [],
                        "host_ipc": false,
                        "host_network": false,
                        "host_pid": false,
                        "hostname": "",
                        "image_pull_secrets": [],
                        "init_container": [],
                        "node_name": "",
                        "node_selector": null,
                        "os": [],
                        "priority_class_name": "",
                        "readiness_gate": [],
                        "restart_policy": "Always",
                        "runtime_class_name": "",
                        "scheduler_name": "default-scheduler",
                        "security_context": [],
                        "service_account_name": "jenkins-service-account",
                        "share_process_namespace": false,
                        "subdomain": "",
                        "termination_grace_period_seconds": 30,
                        "toleration": [],
                        "topology_spread_constraint": [],
                        "volume": [
                          {
                            "aws_elastic_block_store": [],
                            "azure_disk": [],
                            "azure_file": [],
                            "ceph_fs": [],
                            "cinder": [],
                            "config_map": [],
                            "csi": [],
                            "downward_api": [],
                            "empty_dir": [],
                            "ephemeral": [],
                            "fc": [],
                            "flex_volume": [],
                            "flocker": [],
                            "gce_persistent_disk": [],
                            "git_repo": [],
                            "glusterfs": [],
                            "host_path": [],
                            "iscsi": [],
                            "local": [],
                            "name": "jenkins-sa-token",
                            "nfs": [],
                            "persistent_volume_claim": [],
                            "photon_persistent_disk": [],
                            "projected": [],
                            "quobyte": [],
                            "rbd": [],
                            "secret": [
                              {
                                "default_mode": "0644",
                                "items": [],
                                "optional": false,
                                "secret_name": "jenkins-sa-token"
                              }
                            ],
                            "vsphere_volume": []
                          }
                        ]
                      }
                    ]
                  }
                ]
              }
            ],
            "timeouts": null,
            "wait_for_rollout": true
          },
          "sensitive_attributes": [],
          "private": "eyJlMmJmYjczMC1lY2FhLTExZTYtOGY4OC0zNDM2M2JjN2M0YzAiOnsiY3JlYXRlIjo2MDAwMDAwMDAwMDAsImRlbGV0ZSI6NjAwMDAwMDAwMDAwLCJ1cGRhdGUiOjYwMDAwMDAwMDAwMH0sInNjaGVtYV92ZXJzaW9uIjoiMSJ9",
          "dependencies": [
            "kubernetes_secret.jenkins_sa_token",
            "kubernetes_service_account.jenkins",
            "minikube_cluster.docker"
          ]
        }
      ]
    },
    {
      "mode": "managed",
      "type": "kubernetes_deployment",
      "name": "nginx",
      "provider": "provider[\"registry.terraform.io/hashicorp/kubernetes\"]",
      "instances": [
        {
          "schema_version": 1,
          "attributes": {
            "id": "default/nginx-loadbalancer",
            "metadata": [
              {
                "annotations": null,
                "generate_name": "",
                "generation": 1,
                "labels": {
                  "App": "Nginx-LoadBalancer"
                },
                "name": "nginx-loadbalancer",
                "namespace": "default",
                "resource_version": "522",
                "uid": "5a9b9c7f-9046-4436-aee8-c79b1a04e910"
              }
            ],
            "spec": [
              {
                "min_ready_seconds": 0,
                "paused": false,
                "progress_deadline_seconds": 600,
                "replicas": "1",
                "revision_history_limit": 10,
                "selector": [
                  {
                    "match_expressions": [],
                    "match_labels": {
                      "App": "Nginx-LoadBalancer"
                    }
                  }
                ],
                "strategy": [
                  {
                    "rolling_update": [
                      {
                        "max_surge": "25%",
                        "max_unavailable": "25%"
                      }
                    ],
                    "type": "RollingUpdate"
                  }
                ],
                "template": [
                  {
                    "metadata": [
                      {
                        "annotations": null,
                        "generate_name": "",
                        "generation": 0,
                        "labels": {
                          "App": "Nginx-LoadBalancer"
                        },
                        "name": "",
                        "namespace": "",
                        "resource_version": "",
                        "uid": ""
                      }
                    ],
                    "spec": [
                      {
                        "active_deadline_seconds": 0,
                        "affinity": [],
                        "automount_service_account_token": true,
                        "container": [
                          {
                            "args": null,
                            "command": null,
                            "env": [],
                            "env_from": [],
                            "image": "nginx:latest",
                            "image_pull_policy": "Always",
                            "lifecycle": [],
                            "liveness_probe": [],
                            "name": "nginx",
                            "port": [
                              {
                                "container_port": 80,
                                "host_ip": "",
                                "host_port": 0,
                                "name": "",
                                "protocol": "TCP"
                              }
                            ],
                            "readiness_probe": [],
                            "resources": [
                              {
                                "limits": {},
                                "requests": {}
                              }
                            ],
                            "security_context": [],
                            "startup_probe": [],
                            "stdin": false,
                            "stdin_once": false,
                            "termination_message_path": "/dev/termination-log",
                            "termination_message_policy": "File",
                            "tty": false,
                            "volume_device": [],
                            "volume_mount": [
                              {
                                "mount_path": "/etc/nginx/conf.d",
                                "mount_propagation": "None",
                                "name": "nginx-config",
                                "read_only": false,
                                "sub_path": ""
                              }
                            ],
                            "working_dir": ""
                          }
                        ],
                        "dns_config": [],
                        "dns_policy": "ClusterFirst",
                        "enable_service_links": true,
                        "host_aliases": [],
                        "host_ipc": false,
                        "host_network": false,
                        "host_pid": false,
                        "hostname": "",
                        "image_pull_secrets": [],
                        "init_container": [],
                        "node_name": "",
                        "node_selector": null,
                        "os": [],
                        "priority_class_name": "",
                        "readiness_gate": [],
                        "restart_policy": "Always",
                        "runtime_class_name": "",
                        "scheduler_name": "default-scheduler",
                        "security_context": [],
                        "service_account_name": "",
                        "share_process_namespace": false,
                        "subdomain": "",
                        "termination_grace_period_seconds": 30,
                        "toleration": [],
                        "topology_spread_constraint": [],
                        "volume": [
                          {
                            "aws_elastic_block_store": [],
                            "azure_disk": [],
                            "azure_file": [],
                            "ceph_fs": [],
                            "cinder": [],
                            "config_map": [
                              {
                                "default_mode": "0644",
                                "items": [],
                                "name": "nginx-config",
                                "optional": false
                              }
                            ],
                            "csi": [],
                            "downward_api": [],
                            "empty_dir": [],
                            "ephemeral": [],
                            "fc": [],
                            "flex_volume": [],
                            "flocker": [],
                            "gce_persistent_disk": [],
                            "git_repo": [],
                            "glusterfs": [],
                            "host_path": [],
                            "iscsi": [],
                            "local": [],
                            "name": "nginx-config",
                            "nfs": [],
                            "persistent_volume_claim": [],
                            "photon_persistent_disk": [],
                            "projected": [],
                            "quobyte": [],
                            "rbd": [],
                            "secret": [],
                            "vsphere_volume": []
                          }
                        ]
                      }
                    ]
                  }
                ]
              }
            ],
            "timeouts": null,
            "wait_for_rollout": true
          },
          "sensitive_attributes": [],
          "private": "eyJlMmJmYjczMC1lY2FhLTExZTYtOGY4OC0zNDM2M2JjN2M0YzAiOnsiY3JlYXRlIjo2MDAwMDAwMDAwMDAsImRlbGV0ZSI6NjAwMDAwMDAwMDAwLCJ1cGRhdGUiOjYwMDAwMDAwMDAwMH0sInNjaGVtYV92ZXJzaW9uIjoiMSJ9",
          "dependencies": [
            "kubernetes_config_map.nginx_config",
            "minikube_cluster.docker"
          ]
        }
      ]
    },
    {
      "mode": "managed",
      "type": "kubernetes_role",
      "name": "jenkins",
      "provider": "provider[\"registry.terraform.io/hashicorp/kubernetes\"]",
      "instances": [
        {
          "schema_version": 0,
          "attributes": {
            "id": "default/jenkins-role",
            "metadata": [
              {
                "annotations": null,
                "generate_name": "",
                "generation": 0,
                "labels": null,
                "name": "jenkins-role",
                "namespace": "default",
                "resource_version": "303",
                "uid": "ca91a35a-bddc-4007-bb64-969e2656804e"
              }
            ],
            "rule": [
              {
                "api_groups": [
                  ""
                ],
                "resource_names": null,
                "resources": [
                  "configmaps",
                  "deployments",
                  "endpoints",
                  "persistentvolumeclaims",
                  "pods",
                  "pods/exec",
                  "pods/log",
                  "secrets",
                  "services"
                ],
                "verbs": [
                  "create",
                  "delete",
                  "get",
                  "list",
                  "update",
                  "watch"
                ]
              }
            ]
          },
          "sensitive_attributes": [],
          "private": "bnVsbA==",
          "dependencies": [
            "minikube_cluster.docker"
          ]
        }
      ]
    },
    {
      "mode": "managed",
      "type": "kubernetes_role_binding",
      "name": "jenkins",
      "provider": "provider[\"registry.terraform.io/hashicorp/kubernetes\"]",
      "instances": [
        {
          "schema_version": 0,
          "attributes": {
            "id": "default/jenkins-role-binding",
            "metadata": [
              {
                "annotations": null,
                "generate_name": "",
                "generation": 0,
                "labels": null,
                "name": "jenkins-role-binding",
                "namespace": "default",
                "resource_version": "311",
                "uid": "e7f9270b-6800-4997-b341-78546dee25a6"
              }
            ],
            "role_ref": [
              {
                "api_group": "rbac.authorization.k8s.io",
                "kind": "Role",
                "name": "jenkins-role"
              }
            ],
            "subject": [
              {
                "api_group": "",
                "kind": "ServiceAccount",
                "name": "jenkins-service-account",
                "namespace": "default"
              }
            ]
          },
          "sensitive_attributes": [],
          "private": "bnVsbA==",
          "dependencies": [
            "kubernetes_role.jenkins",
            "kubernetes_service_account.jenkins",
            "minikube_cluster.docker"
          ]
        }
      ]
    },
    {
      "mode": "managed",
      "type": "kubernetes_secret",
      "name": "jenkins_sa_token",
      "provider": "provider[\"registry.terraform.io/hashicorp/kubernetes\"]",
      "instances": [
        {
          "schema_version": 0,
          "attributes": {
            "binary_data": null,
            "data": {
              "ca.crt": "-----BEGIN CERTIFICATE-----\nMIIDBjCCAe6gAwIBAgIBATANBgkqhkiG9w0BAQsFADAVMRMwEQYDVQQDEwptaW5p\na3ViZUNBMB4XDTI1MDEwODIyMDY0MVoXDTM1MDEwNzIyMDY0MVowFTETMBEGA1UE\nAxMKbWluaWt1YmVDQTCCASIwDQYJKoZIhvcNAQEBBQADggEPADCCAQoCggEBAMOj\nsKQ8WhGP0XsFpgWQvdKqNOCGR1GnvfjBYAbSqFlnAWJ4KwTrWqMKFhymz0zTKYzb\n2Av8ARUGMwgHh6QweX9B4hYbjRIAcRJTarUbXn9B2GGgKoCN4z6Xqc95gQpeQuUQ\n17kzgjbhjZkthdLaPd28jMXhPcgkkFxHfvMlrSKAQycRl3K++4X0IGCGcDbRGTJY\njj9PYMz3hd0ft89t1OI16Qvt9eHpwglbbF+HTTekUYeVhnheYcK+Q/mRqtsf+EyM\nIU9vuV+BPwWFA0buk2G9RmC3y1aZcE9+NmFGH2YO+ZKAVyqUoHyu5+KHZBWY9oX+\nJyU4b4zBovXzoBEqIvECAwEAAaNhMF8wDgYDVR0PAQH/BAQDAgKkMB0GA1UdJQQW\nMBQGCCsGAQUFBwMCBggrBgEFBQcDATAPBgNVHRMBAf8EBTADAQH/MB0GA1UdDgQW\nBBTVrkOmsfCOSSQA2Eo5eDLGxWaZHDANBgkqhkiG9w0BAQsFAAOCAQEALwpt9hNT\nlEgzX2XPe3PASlnahWFHE7oIOECIOWAYqRXlwXTE06saY/3g/h6PyDIP02plspjM\n7GrHEh2UG3gS+y9yYQvZDSKsuTxnPFnYpN9ElrntFHOBL+Cu+eiE/iIzaEtaXTsd\nn4exxUKco5TV8nfzVcbWp9noeVazGUHjKT6ImQR3frNNMGsij8asG6d1ToVA409q\nr8qMoWfTbAK4HIZNEdNfYQoR1d5A8QF9SVxqpovY7Ao/mYFZBPBcp8xEpKOJEBkD\nUVq7DqnZJmw9ya5KZtL6GjeEWrYjhTRM/fincl2KsEj5WEqvJukjJV0M0KK7z74b\nXWRJG0DoPgH0Xg==\n-----END CERTIFICATE-----\n",
              "namespace": "default",
              "token": "eyJhbGciOiJSUzI1NiIsImtpZCI6IjM2ZDl1bTFlQ1hZYTFxZDRKZ0hKWHNyU1h0Y29rX29nNVNQdU1fMnJRWm8ifQ.eyJpc3MiOiJrdWJlcm5ldGVzL3NlcnZpY2VhY2NvdW50Iiwia3ViZXJuZXRlcy5pby9zZXJ2aWNlYWNjb3VudC9uYW1lc3BhY2UiOiJkZWZhdWx0Iiwia3ViZXJuZXRlcy5pby9zZXJ2aWNlYWNjb3VudC9zZWNyZXQubmFtZSI6ImplbmtpbnMtc2EtdG9rZW4iLCJrdWJlcm5ldGVzLmlvL3NlcnZpY2VhY2NvdW50L3NlcnZpY2UtYWNjb3VudC5uYW1lIjoiamVua2lucy1zZXJ2aWNlLWFjY291bnQiLCJrdWJlcm5ldGVzLmlvL3NlcnZpY2VhY2NvdW50L3NlcnZpY2UtYWNjb3VudC51aWQiOiJmNTQ5MjVmNi0wY2EzLTRiMjQtYTcwYi00YTY0YzRlODc2YTAiLCJzdWIiOiJzeXN0ZW06c2VydmljZWFjY291bnQ6ZGVmYXVsdDpqZW5raW5zLXNlcnZpY2UtYWNjb3VudCJ9.pLsmNoLd7jQFnsGULy-YQ6kTLs9mKPbdSF5ZE-WB9qbr9S_lBdUzSBj_ICDm2E3If-CoePWo6MXmoy2HvUYUxH6UmsGxkpnnKphdHF8QSK2zBi2JTDsrLVvWzjcWD7oDDVi10tslLqutJ6cuvd8tOjRRLacgscPAa0MhoPBq7bGdIu-8f2K_ssLZlDry2EtnEwdH4JqEyW55pvkuJJwQIyeWbeBgI6XK7cXmnfAN9AbnQ05uQ0nhHSLBLliob6VE-wB5y22_XF9gJ5bt88VywDQ9khAelOKLZiJYOsCVEPXH55P1RwsPAonXkPGw2IMEjrGZRR_e7bgaFreCFrt_Mw"
            },
            "id": "default/jenkins-sa-token",
            "immutable": false,
            "metadata": [
              {
                "annotations": {
                  "kubernetes.io/service-account.name": "jenkins-service-account"
                },
                "generate_name": "",
                "generation": 0,
                "labels": null,
                "name": "jenkins-sa-token",
                "namespace": "default",
                "resource_version": "313",
                "uid": "babf2738-de70-4217-8a7e-190dea4d4322"
              }
            ],
            "timeouts": null,
            "type": "kubernetes.io/service-account-token",
            "wait_for_service_account_token": true
          },
          "sensitive_attributes": [
            [
              {
                "type": "get_attr",
                "value": "binary_data"
              }
            ],
            [
              {
                "type": "get_attr",
                "value": "data"
              }
            ]
          ],
          "private": "eyJlMmJmYjczMC1lY2FhLTExZTYtOGY4OC0zNDM2M2JjN2M0YzAiOnsiY3JlYXRlIjo2MDAwMDAwMDAwMH19",
          "dependencies": [
            "kubernetes_service_account.jenkins",
            "minikube_cluster.docker"
          ]
        }
      ]
    },
    {
      "mode": "managed",
      "type": "kubernetes_service",
      "name": "jenkins",
      "provider": "provider[\"registry.terraform.io/hashicorp/kubernetes\"]",
      "instances": [
        {
          "schema_version": 1,
          "attributes": {
            "id": "default/jenkins-service",
            "metadata": [
              {
                "annotations": null,
                "generate_name": "",
                "generation": 0,
                "labels": {
                  "App": "Jenkins"
                },
                "name": "jenkins-service",
                "namespace": "default",
                "resource_version": "310",
                "uid": "3b346e04-f0fc-42e8-ad4d-0d626098df25"
              }
            ],
            "spec": [
              {
                "allocate_load_balancer_node_ports": true,
                "cluster_ip": "10.96.19.10",
                "cluster_ips": [
                  "10.96.19.10"
                ],
                "external_ips": null,
                "external_name": "",
                "external_traffic_policy": "",
                "health_check_node_port": 0,
                "internal_traffic_policy": "Cluster",
                "ip_families": [
                  "IPv4"
                ],
                "ip_family_policy": "SingleStack",
                "load_balancer_class": "",
                "load_balancer_ip": "",
                "load_balancer_source_ranges": null,
                "port": [
                  {
                    "app_protocol": "",
                    "name": "",
                    "node_port": 0,
                    "port": 8080,
                    "protocol": "TCP",
                    "target_port": "8080"
                  }
                ],
                "publish_not_ready_addresses": false,
                "selector": {
                  "App": "Jenkins"
                },
                "session_affinity": "None",
                "session_affinity_config": [],
                "type": "ClusterIP"
              }
            ],
            "status": [
              {
                "load_balancer": [
                  {
                    "ingress": []
                  }
                ]
              }
            ],
            "timeouts": null,
            "wait_for_load_balancer": true
          },
          "sensitive_attributes": [],
          "private": "eyJlMmJmYjczMC1lY2FhLTExZTYtOGY4OC0zNDM2M2JjN2M0YzAiOnsiY3JlYXRlIjo2MDAwMDAwMDAwMDB9LCJzY2hlbWFfdmVyc2lvbiI6IjEifQ==",
          "dependencies": [
            "minikube_cluster.docker"
          ]
        }
      ]
    },
    {
      "mode": "managed",
      "type": "kubernetes_service",
      "name": "nginx_service",
      "provider": "provider[\"registry.terraform.io/hashicorp/kubernetes\"]",
      "instances": [
        {
          "schema_version": 1,
          "attributes": {
            "id": "default/nginx-service",
            "metadata": [
              {
                "annotations": null,
                "generate_name": "",
                "generation": 0,
                "labels": {
                  "App": "Nginx-LoadBalancer"
                },
                "name": "nginx-service",
                "namespace": "default",
                "resource_version": "309",
                "uid": "28810316-51d0-470d-99cc-75d4db858ef1"
              }
            ],
            "spec": [
              {
                "allocate_load_balancer_node_ports": true,
                "cluster_ip": "10.103.185.235",
                "cluster_ips": [
                  "10.103.185.235"
                ],
                "external_ips": null,
                "external_name": "",
                "external_traffic_policy": "Cluster",
                "health_check_node_port": 0,
                "internal_traffic_policy": "Cluster",
                "ip_families": [
                  "IPv4"
                ],
                "ip_family_policy": "SingleStack",
                "load_balancer_class": "",
                "load_balancer_ip": "",
                "load_balancer_source_ranges": null,
                "port": [
                  {
                    "app_protocol": "",
                    "name": "",
                    "node_port": 30410,
                    "port": 80,
                    "protocol": "TCP",
                    "target_port": "80"
                  }
                ],
                "publish_not_ready_addresses": false,
                "selector": {
                  "App": "Nginx-LoadBalancer"
                },
                "session_affinity": "None",
                "session_affinity_config": [],
                "type": "NodePort"
              }
            ],
            "status": [
              {
                "load_balancer": [
                  {
                    "ingress": []
                  }
                ]
              }
            ],
            "timeouts": null,
            "wait_for_load_balancer": true
          },
          "sensitive_attributes": [],
          "private": "eyJlMmJmYjczMC1lY2FhLTExZTYtOGY4OC0zNDM2M2JjN2M0YzAiOnsiY3JlYXRlIjo2MDAwMDAwMDAwMDB9LCJzY2hlbWFfdmVyc2lvbiI6IjEifQ==",
          "dependencies": [
            "minikube_cluster.docker"
          ]
        }
      ]
    },
    {
      "mode": "managed",
      "type": "kubernetes_service_account",
      "name": "jenkins",
      "provider": "provider[\"registry.terraform.io/hashicorp/kubernetes\"]",
      "instances": [
        {
          "schema_version": 0,
          "attributes": {
            "automount_service_account_token": true,
            "default_secret_name": "",
            "id": "default/jenkins-service-account",
            "image_pull_secret": [],
            "metadata": [
              {
                "annotations": null,
                "generate_name": "",
                "generation": 0,
                "labels": null,
                "name": "jenkins-service-account",
                "namespace": "default",
                "resource_version": "305",
                "uid": "f54925f6-0ca3-4b24-a70b-4a64c4e876a0"
              }
            ],
            "secret": [],
            "timeouts": null
          },
          "sensitive_attributes": [],
          "private": "eyJlMmJmYjczMC1lY2FhLTExZTYtOGY4OC0zNDM2M2JjN2M0YzAiOnsiY3JlYXRlIjozMDAwMDAwMDAwMH19",
          "dependencies": [
            "minikube_cluster.docker"
          ]
        }
      ]
    },
    {
      "mode": "managed",
      "type": "minikube_cluster",
      "name": "docker",
      "provider": "provider[\"registry.terraform.io/scott-the-programmer/minikube\"]",
      "instances": [
        {
          "schema_version": 0,
          "attributes": {
            "addons": [
              "default-storageclass",
              "storage-provisioner"
            ],
            "apiserver_ips": [],
            "apiserver_name": "minikubeCA",
            "apiserver_names": [],
            "apiserver_port": 8443,
            "auto_pause_interval": 1,
            "auto_update_drivers": true,
            "base_image": "gcr.io/k8s-minikube/kicbase:v0.0.44@sha256:eb04641328b06c5c4a14f4348470e1046bbcf9c2cbc551486e343d3a49db557e",
            "binary_mirror": null,
            "cache_images": true,
            "cert_expiration": 1576800,
            "client_certificate": "-----BEGIN CERTIFICATE-----\nMIIDITCCAgmgAwIBAgIBAjANBgkqhkiG9w0BAQsFADAVMRMwEQYDVQQDEwptaW5p\na3ViZUNBMB4XDTI1MDExMDIwMzMyNloXDTI4MDExMTIwMzMyNlowMTEXMBUGA1UE\nChMOc3lzdGVtOm1hc3RlcnMxFjAUBgNVBAMTDW1pbmlrdWJlLXVzZXIwggEiMA0G\nCSqGSIb3DQEBAQUAA4IBDwAwggEKAoIBAQDu1DDAiClpmVse/m29+WI71qH2k+ZB\n+OSe30vYxsd9LNxdel4Xg2Qq6YZtvsdKBZ7aprbwc3SmLjQjot9ptrrrywyOMHu/\nkH+LQFfaPffMpx1iJxT8Q2BI9IghpJV72VkMdWmav4Yj4U8jwGp83Y7P94/ZQkTl\nBoKbto/2hTgkxVQf72WlJmd6hLddgzMV/HpXQlXYhCtWL/IQC261aX8FljtUK4nE\ngy8L6Xp8mPiSuzXo1LqZ98FpVbEUcw+CCz81L+l3TQCVftiK2yBPbJjg/KQJIqVD\nVHygJ9NPHAiZMjVqhZq3HFwiLaIcMvkI9D+0JcT5mhTxWNqZmlFaE2cBAgMBAAGj\nYDBeMA4GA1UdDwEB/wQEAwIFoDAdBgNVHSUEFjAUBggrBgEFBQcDAQYIKwYBBQUH\nAwIwDAYDVR0TAQH/BAIwADAfBgNVHSMEGDAWgBTVrkOmsfCOSSQA2Eo5eDLGxWaZ\nHDANBgkqhkiG9w0BAQsFAAOCAQEAMABasQYorvhHF+QQ2FFjLYltJ5A70Dphj8sD\nDgrEZULmA8BFNohuZ1Gk8ZSGk8NjDdfoV/XqZ/TGdEIAc/W5wUmMp/Copf/G6C3H\nh3Ql9P8IxqwrcsPqdbXYgc9Dcn7gGquRkfT0xv+9M3laPGXGuJdUUj83TtfjDnJd\nN0aiDcfi1y2BTUzoTQz+oZCoY5wY+XXUWtAqlCCv7SO/W6kb7brHIG2yBZaM+jiF\ntolaqUYBlXKkD6h/nf9wVJRYKBUVnkGY/c9gpIbMb9rlVvNgUoTGyIgJQo6Dn5eb\n2d3UmbG8tdxKs9yEDGSxyioPUXIkmIsSodksD6poqGdqUjXRVw==\n-----END CERTIFICATE-----\n",
            "client_key": "-----BEGIN RSA PRIVATE KEY-----\nMIIEpQIBAAKCAQEA7tQwwIgpaZlbHv5tvfliO9ah9pPmQfjknt9L2MbHfSzcXXpe\nF4NkKumGbb7HSgWe2qa28HN0pi40I6Lfaba668sMjjB7v5B/i0BX2j33zKcdYicU\n/ENgSPSIIaSVe9lZDHVpmr+GI+FPI8BqfN2Oz/eP2UJE5QaCm7aP9oU4JMVUH+9l\npSZneoS3XYMzFfx6V0JV2IQrVi/yEAtutWl/BZY7VCuJxIMvC+l6fJj4krs16NS6\nmffBaVWxFHMPggs/NS/pd00AlX7YitsgT2yY4PykCSKlQ1R8oCfTTxwImTI1aoWa\ntxxcIi2iHDL5CPQ/tCXE+ZoU8VjamZpRWhNnAQIDAQABAoIBAQDCxFz1xpUvPxdm\nkUth8CzCa+kts7PF/XpEbgnmwUUSujEEMrTlLAvWSxeMDFdt8GN6IRdzxFRO6cMv\nhLX5+kE55h9ZHgTtVqQNJe3/VyXsyiRWVVTx3Oh61qDl/tjBZaEPXfk/cA2u2SG3\nIEY3il/bDiNLpJWWyNZesmV5P29n28nIzvjniUrYPV+x5FmbQ7SMVx0Suy4qYS8k\nb9WTZpwknBmXps7hma1NPAOZllMr/HNphIgxWO8VnMTQ2deK5RUeVCzFbUWn7ZT/\nXDBKr0f6GTj/N/4xaETTvc2Oob7RY9I5ZCbwc7nNuG/Lt8qgQxSGRkWG9HsxE5+W\nc8NeF9z5AoGBAPRNCIS0KGPd6B1++Hag+u2GdplVvj33IZFh4Ihp5AjoW7YQQSjw\nNRlM+nWqzZP+kTubMVuFJyX56YrBVPc+UMcvGJD41JUsNXzyxxF6+3G0x+zpdW4w\nqCFEyKym/eFsZ1njkV5BZ1PZC4X+KfNQfsF2Kwcw3GYc/AGQEAMsB4ojAoGBAPpE\nEtT+M6ixRjOUgmKP+fRG3jfyYsDT2J5KI/4V0PikZdvDHRwwOF0BXO7a4tS3zXCr\nxOlbLrKRWFimJGftJLyxwRzrXQQqF66qTY6tW85fCjvA4VAM3Z/cm/d5a3bfh0/9\n+xWIyW+gDxFNEHRgSclXSQ6OCT9VMm9cz4eVHmKLAoGAGIJt+1pTvwkxU1w8szId\nWp0l4uZOSssza/GE5EqzXQ1qvg5Naz0GJr6pVgrHyzQ7/93nCsaGEfJLsucIjjGL\nSyB3d3vvX/PqfdmhjShod5TqheM6K87n30aWV3P9fpMwnz0MhYdMRYY9+LhyHv4R\naXlggb0uL3Ry9/krEhZlvz8CgYEA6HWWsHS18zlGpd6KBZcKa1XwTzM7ezTLfqwL\nJpWJF4tMeYaQYYCAuhLsCYkTLNbVYpSKQN9LTt4mm6EnK8lgWE0bvQr5yUZ33Ouf\nQqnQHq60yK/uGPb6XOUDkikcIryZ6TlWobf+s0qO9FkKsa5Gm1gSKgzQlh1CzaH9\nukhOguUCgYEAif3xYWHj6uQAfJmvXh+AMeHTPOlEd4TEZzSdH3NklQIB6uLk3xEL\nHS8gmVDKJnEn0qGT+ts9KC+EFbU8LJIecwdcUtPRic5XR8fvahKfOZkdrhUfyYAh\n2vZ1cezl1+VPrUS/fIYP3RqItjBk73fLc4qBNAKsVlMqCsduHNFLYNw=\n-----END RSA PRIVATE KEY-----\n",
            "cluster_ca_certificate": "-----BEGIN CERTIFICATE-----\nMIIDBjCCAe6gAwIBAgIBATANBgkqhkiG9w0BAQsFADAVMRMwEQYDVQQDEwptaW5p\na3ViZUNBMB4XDTI1MDEwODIyMDY0MVoXDTM1MDEwNzIyMDY0MVowFTETMBEGA1UE\nAxMKbWluaWt1YmVDQTCCASIwDQYJKoZIhvcNAQEBBQADggEPADCCAQoCggEBAMOj\nsKQ8WhGP0XsFpgWQvdKqNOCGR1GnvfjBYAbSqFlnAWJ4KwTrWqMKFhymz0zTKYzb\n2Av8ARUGMwgHh6QweX9B4hYbjRIAcRJTarUbXn9B2GGgKoCN4z6Xqc95gQpeQuUQ\n17kzgjbhjZkthdLaPd28jMXhPcgkkFxHfvMlrSKAQycRl3K++4X0IGCGcDbRGTJY\njj9PYMz3hd0ft89t1OI16Qvt9eHpwglbbF+HTTekUYeVhnheYcK+Q/mRqtsf+EyM\nIU9vuV+BPwWFA0buk2G9RmC3y1aZcE9+NmFGH2YO+ZKAVyqUoHyu5+KHZBWY9oX+\nJyU4b4zBovXzoBEqIvECAwEAAaNhMF8wDgYDVR0PAQH/BAQDAgKkMB0GA1UdJQQW\nMBQGCCsGAQUFBwMCBggrBgEFBQcDATAPBgNVHRMBAf8EBTADAQH/MB0GA1UdDgQW\nBBTVrkOmsfCOSSQA2Eo5eDLGxWaZHDANBgkqhkiG9w0BAQsFAAOCAQEALwpt9hNT\nlEgzX2XPe3PASlnahWFHE7oIOECIOWAYqRXlwXTE06saY/3g/h6PyDIP02plspjM\n7GrHEh2UG3gS+y9yYQvZDSKsuTxnPFnYpN9ElrntFHOBL+Cu+eiE/iIzaEtaXTsd\nn4exxUKco5TV8nfzVcbWp9noeVazGUHjKT6ImQR3frNNMGsij8asG6d1ToVA409q\nr8qMoWfTbAK4HIZNEdNfYQoR1d5A8QF9SVxqpovY7Ao/mYFZBPBcp8xEpKOJEBkD\nUVq7DqnZJmw9ya5KZtL6GjeEWrYjhTRM/fincl2KsEj5WEqvJukjJV0M0KK7z74b\nXWRJG0DoPgH0Xg==\n-----END CERTIFICATE-----\n",
            "cluster_name": "minikube",
            "cni": "",
            "container_runtime": "docker",
            "cpus": 2,
            "cri_socket": "",
            "delete_on_failure": false,
            "disable_driver_mounts": false,
            "disable_metrics": false,
            "disable_optimizations": false,
            "disk_size": "20000mb",
            "dns_domain": "cluster.local",
            "dns_proxy": false,
            "docker_env": null,
            "docker_opt": null,
            "download_only": false,
            "driver": "docker",
            "dry_run": false,
            "embed_certs": false,
            "enable_default_cni": false,
            "extra_config": null,
            "extra_disks": 0,
            "feature_gates": "",
            "force": false,
            "force_systemd": false,
            "gpus": null,
            "ha": false,
            "host": "https://127.0.0.1:59655",
            "host_dns_resolver": true,
            "host_only_cidr": "192.168.59.1/24",
            "host_only_nic_type": "virtio",
            "hyperkit_vpnkit_sock": "",
            "hyperkit_vsock_ports": [],
            "hyperv_external_adapter": "",
            "hyperv_use_external_switch": false,
            "hyperv_virtual_switch": "",
            "id": "minikube",
            "image_mirror_country": null,
            "image_repository": "",
            "insecure_registry": [],
            "install_addons": true,
            "interactive": true,
            "iso_url": [
              "https://github.com/kubernetes/minikube/releases/download/v1.33.0/minikube-v1.33.0-amd64.iso"
            ],
            "keep_context": false,
            "kubernetes_version": null,
            "kvm_gpu": false,
            "kvm_hidden": false,
            "kvm_network": "default",
            "kvm_numa_count": 1,
            "kvm_qemu_uri": "qemu:///system",
            "listen_address": "",
            "memory": "4096mb",
            "mount": false,
            "mount_9p_version": "9p2000.L",
            "mount_gid": "docker",
            "mount_ip": null,
            "mount_msize": 262144,
            "mount_options": null,
            "mount_port": 0,
            "mount_string": "/home:/minikube-host",
            "mount_type": "9p",
            "mount_uid": "docker",
            "namespace": "default",
            "nat_nic_type": "virtio",
            "native_ssh": true,
            "network": "",
            "network_plugin": null,
            "nfs_share": [],
            "nfs_shares_root": "/nfsshares",
            "no_kubernetes": false,
            "no_vtx_check": false,
            "nodes": 1,
            "output": "text",
            "ports": [],
            "preload": true,
            "qemu_firmware_path": null,
            "registry_mirror": [],
            "service_cluster_ip_range": "10.96.0.0/12",
            "socket_vmnet_client_path": "/usr/local/opt/socket_vmnet/bin/socket_vmnet_client",
            "socket_vmnet_path": "/usr/local/var/run/socket_vmnet",
            "ssh_ip_address": "",
            "ssh_key": "",
            "ssh_port": 22,
            "ssh_user": "root",
            "static_ip": null,
            "subnet": null,
            "trace": null,
            "uuid": "",
            "vm": false,
            "vm_driver": null,
            "wait": null,
            "wait_timeout": 6
          },
          "sensitive_attributes": [
            [
              {
                "type": "get_attr",
                "value": "cluster_ca_certificate"
              }
            ],
            [
              {
                "type": "get_attr",
                "value": "client_certificate"
              }
            ],
            [
              {
                "type": "get_attr",
                "value": "client_key"
              }
            ]
          ],
          "private": "bnVsbA=="
        }
      ]
    }
  ],
  "check_results": null
}
